version=v0.5.0
commit=484b8172188d3bb6604714615b1c74d30a98c02a
aarch64-apple-darwin=3dcd7dc3d519cf5f493be4cfdb3b84e48233052668768ac84c471b0f0a6b70cb
x86_64-apple-darwin=af20be73a734d508a92f47e567465a4af4d47adb2f0292032e08be316709ab9f
aarch64-unknown-linux-gnu=5a5e8963cdc5ac6fa13cc55d6ba4076f5d8ebb30d23ea3cff3c752eed65116e6
x86_64-unknown-linux-gnu=1f21673823f512a7e04dd3e5ddcb2d2e9473490966613226ee23c5c739266c4d
