version = 1
revision = 3
requires-python = "==3.14.*"

[[package]]
name = "account-ledger-cli"
version = "0.1.0"
source = { virtual = "." }

[package.dev-dependencies]
dev = [
    { name = "pyright" },
    { name = "pytest" },
    { name = "pytest-cov" },
    { name = "pytest-watcher" },
    { name = "ruff" },
]

[package.metadata]

[package.metadata.requires-dev]
dev = [
    { name = "pyright", specifier = ">=1.1.414" },
    { name = "pytest", specifier = ">=9.0" },
    { name = "pytest-cov", specifier = ">=7.0" },
    { name = "pytest-watcher", specifier = ">=0.4" },
    { name = "ruff", specifier = ">=0.16.8" },
]

[[package]]
name = "colorama"
version = "0.4.6"
source = { registry = "https://pypi.org/simple" }
sdist = { url = "https://files.pythonhosted.org/packages/d8/53/6f443c9a4a8358a93a6792e2acffb9d9d5cb0a5cfd8802644b7b1c9a02e4/colorama-0.4.6.tar.gz", hash = "sha256:08695f5cb7ed6e0531a20572697297273c47b8cae5a63ffc6d6ed5c201be6e44", size = 27697, upload-time = "2022-10-25T02:36:22.414Z" }
wheels = [
    { url = "https://files.pythonhosted.org/packages/d1/d6/3965ed04c63042e047cb6a3e6ed1a63a35087b6a609aa3a15ed8ac56c221/colorama-0.4.6-py2.py3-none-any.whl", hash = "sha256:4f1d9991f5acc0ca119f9d443620b77f9d6b33703e51011c16baf57afb285fc6", size = 25335, upload-time = "2022-10-25T02:36:20.889Z" },
]

[[package]]
name = "coverage"
version = "7.16.1"
source = { registry = "https://pypi.org/simple" }
sdist = { url = "https://files.pythonhosted.org/packages/65/2d/c738872f477f5687152acae68635790387425d407ae37dd3d3a8a6692307/coverage-7.16.1.tar.gz", hash = "sha256:f83981779bcf9dfa06fa0a8d4cb43e0faec1706328ce07aa3e7b665b4ac0f210", size = 969651, upload-time = "2026-09-13T19:12:21.422Z" }
wheels = [
    { url = "https://files.pythonhosted.org/packages/8e/b4/2a7c793965bae9f067aabab793a44d7a2f3ee7fb16b01ce1976bbd4a0218/coverage-7.16.1-cp314-cp314-macosx_10_15_x86_64.whl", hash = "sha256:cc0b37fe6f5ce5f1ccc62ad4fa9b1ad201d8e9b6027fd5e0170877beee4b2d15", size = 223546, upload-time = "2026-09-13T19:10:06.019Z" },
    { url = "https://files.pythonhosted.org/packages/ef/e2/633469076a2dbbea036cc15a268a3a5d6b2c7dd5d9a9567b2553dfc5ad61/coverage-7.16.1-cp314-cp314-macosx_11_0_arm64.whl", hash = "sha256:6618f481053b63fc6121faf8fc676bd9b7163c2a19d9e984a2e850002c28ab57", size = 223881, upload-time = "2026-09-13T19:10:08.246Z" },
    { url = "https://files.pythonhosted.org/packages/de/c3/f06150c13284569d53273b909f31222874276a595637b7852571dfeb2c18/coverage-7.16.1-cp314-cp314-manylinux1_i686.manylinux_2_28_i686.manylinux_2_5_i686.whl", hash = "sha256:fa02d561eb1d8d2f8ba43ba6e3cef4c6c402a3b632a9460fa329fcadcd5df6a3", size = 254919, upload-time = "2026-09-13T19:10:10.254Z" },
    { url = "https://files.pythonhosted.org/packages/d5/40/47e25b215ae18a29010c8e29be8782a6e04d18ba6224be2bf6cebfce6427/coverage-7.16.1-cp314-cp314-manylinux1_x86_64.manylinux_2_28_x86_64.manylinux_2_5_x86_64.whl", hash = "sha256:bc5354a124799f1f87b7637bbe6f18cd4bc66a1f37f6aa2b5db40f9adad531dc", size = 257428, upload-time = "2026-09-13T19:10:12.124Z" },
    { url = "https://files.pythonhosted.org/packages/27/4b/1e2a4267d14cbd12a8489364a9d40020233e6be836d929b363f0e77209e2/coverage-7.16.1-cp314-cp314-manylinux2014_aarch64.manylinux_2_17_aarch64.manylinux_2_28_aarch64.whl", hash = "sha256:34bafe9f4094315248573e6223e11af0ec1b25f9cbca43bf0e9a26a189ba2751", size = 258771, upload-time = "2026-09-13T19:10:14.031Z" },
    { url = "https://files.pythonhosted.org/packages/be/2e/9aa6146cea929fab9185bb2642ffef7f47520a6e5efe407f75f9b12f4cf0/coverage-7.16.1-cp314-cp314-manylinux2014_ppc64le.manylinux_2_17_ppc64le.manylinux_2_28_ppc64le.whl", hash = "sha256:29c4d3e32a3b5efa420a3dc627c7e570deb80ef997def52c7686a474f5edc7ab", size = 261086, upload-time = "2026-09-13T19:10:16.213Z" },
    { url = "https://files.pythonhosted.org/packages/13/3c/f9ad8bcd4fb3d21c9d20a16d6d6c6f999eee8f4498ed7659a3dbd2f4b74a/coverage-7.16.1-cp314-cp314-manylinux_2_31_riscv64.manylinux_2_39_riscv64.whl", hash = "sha256:f2066c447fdd0bca39a9633a082d8ce67bf9a539a203b85059a364a405dc9fe9", size = 254895, upload-time = "2026-09-13T19:10:18.602Z" },
    { url = "https://files.pythonhosted.org/packages/b7/d1/47eda9fd1eaeea39fa7b5b13a63b2bed92ab901841fb120b3f9f5e1dc30c/coverage-7.16.1-cp314-cp314-musllinux_1_2_aarch64.whl", hash = "sha256:fd8ac10cd2458b3c6343aac082fb9bd0e3fa806cb2c4975f2280153474b88412", size = 256783, upload-time = "2026-09-13T19:10:20.778Z" },
    { url = "https://files.pythonhosted.org/packages/38/c3/565edf044877cb8cd3373c56885347ffc38f0edfd1f1679a487b208c19a8/coverage-7.16.1-cp314-cp314-musllinux_1_2_i686.whl", hash = "sha256:9d8c54ec32e5c102b9241f75d88ae26538b53662868ca491736611db448d9c7a", size = 254742, upload-time = "2026-09-13T19:10:22.733Z" },
    { url = "https://files.pythonhosted.org/packages/fd/88/87d2b2aeaba719192b2089ff1c2cf89a06cf73a6d2e9f1f145626617700c/coverage-7.16.1-cp314-cp314-musllinux_1_2_ppc64le.whl", hash = "sha256:6dd8dda3402a01a1a8fe8b753a282466f615128574a5590a9108acd07b1f8540", size = 259016, upload-time = "2026-09-13T19:10:24.769Z" },
    { url = "https://files.pythonhosted.org/packages/fc/1b/70813185b125768abdcf7899fec4d37edc2e5fc9b60c7045c8f4271ec757/coverage-7.16.1-cp314-cp314-musllinux_1_2_riscv64.whl", hash = "sha256:79afa9726438912e5cddd1fe541815cea9763c92935f594835e4c432565b68a9", size = 254559, upload-time = "2026-09-13T19:10:26.781Z" },
    { url = "https://files.pythonhosted.org/packages/d8/fa/e7aa5af279aafda633a1ede8bfd7d6916b0c8b2082be86759e0b52e73a61/coverage-7.16.1-cp314-cp314-musllinux_1_2_x86_64.whl", hash = "sha256:3db3978211c3cead5437a80136ca0556bab8bc7828de15a762884b0598c41361", size = 256215, upload-time = "2026-09-13T19:10:28.714Z" },
    { url = "https://files.pythonhosted.org/packages/38/87/7a894fa4f8c6662d2b6a87a3436950e15b1fa56e01765c9d6634fb2cbeb8/coverage-7.16.1-cp314-cp314-win32.whl", hash = "sha256:49c39c7068a494f8eb427155f5682f44feee43f9b3107fd54b1e52465379c54b", size = 225719, upload-time = "2026-09-13T19:10:30.743Z" },
    { url = "https://files.pythonhosted.org/packages/8b/01/fa7193c8005fb85488f02b0e1cc3c05a233cf2640206dd978af447aeecbf/coverage-7.16.1-cp314-cp314-win_amd64.whl", hash = "sha256:c510dad19552d912058e4c3e3cbec3fb155dbe8d0ce0ceb7e7dbf5c5822bae0b", size = 226208, upload-time = "2026-09-13T19:10:32.698Z" },
    { url = "https://files.pythonhosted.org/packages/da/5c/a08634c714924c3eaef811bb3576c044128aa5e7dfa86c75e52f0761849e/coverage-7.16.1-cp314-cp314-win_arm64.whl", hash = "sha256:b7d4d7e6dcaf33e85f1919f03346403bdcc27437c420a78835f3805bca0ab71f", size = 225633, upload-time = "2026-09-13T19:10:34.79Z" },
    { url = "https://files.pythonhosted.org/packages/43/df/ddb8a4c664046b1a0ee29c9c2d25b993e5dbc8fbde715df3694a64532781/coverage-7.16.1-cp314-cp314t-macosx_10_15_x86_64.whl", hash = "sha256:3d0a3681c12d3e0bcdea3d9414b04087828d6c1a482802d6f7f42c37ed530152", size = 224281, upload-time = "2026-09-13T19:10:36.853Z" },
    { url = "https://files.pythonhosted.org/packages/e2/d0/9076e0c762d8afd91182e60a520fa5c92c4a334785eeb9fd6b8ef8fe7e3c/coverage-7.16.1-cp314-cp314t-macosx_11_0_arm64.whl", hash = "sha256:3f3b4469d3da3ecced775d1a8c9c5d9fc80f259e30b7b89f9fed0700d6035ecb", size = 224547, upload-time = "2026-09-13T19:10:39.359Z" },
    { url = "https://files.pythonhosted.org/packages/03/e5/9c59e64b6161704f35fe91549bb19b2bb355e95caf596c26a2065564807c/coverage-7.16.1-cp314-cp314t-manylinux1_i686.manylinux_2_28_i686.manylinux_2_5_i686.whl", hash = "sha256:c08ae35c1be2fe1ce4b4c628df5c6fc0dc9a87f8e5fe8e20238d249678984741", size = 265906, upload-time = "2026-09-13T19:10:41.434Z" },
    { url = "https://files.pythonhosted.org/packages/57/5a/13ccaffb77f766101bf6f38be9dba9e468b02cc92da4552a57877dbf1c1f/coverage-7.16.1-cp314-cp314t-manylinux1_x86_64.manylinux_2_28_x86_64.manylinux_2_5_x86_64.whl", hash = "sha256:8ee71a38c54bb2676bbe762b8b0943a79ccb1c2fd6a52054f66e63eda392f8c1", size = 268023, upload-time = "2026-09-13T19:10:43.533Z" },
    { url = "https://files.pythonhosted.org/packages/ad/a1/05cfcf01d3c7c922832698ad46e51d3441d820ce87a943014bb5cf5710dd/coverage-7.16.1-cp314-cp314t-manylinux2014_aarch64.manylinux_2_17_aarch64.manylinux_2_28_aarch64.whl", hash = "sha256:76491917771f179f9772efe218c5ccc65950dbdb35f4439298d8a8dfc6ec1f72", size = 270442, upload-time = "2026-09-13T19:10:45.895Z" },
    { url = "https://files.pythonhosted.org/packages/72/15/a2f1544b8e3835d7b769f7dabcc9ac0283e0b646ef3344703ff8f18d83e6/coverage-7.16.1-cp314-cp314t-manylinux2014_ppc64le.manylinux_2_17_ppc64le.manylinux_2_28_ppc64le.whl", hash = "sha256:f4aa0b0a6f81fa3deb211e643f6954e78b4376b62b9c218271236cfa757664e8", size = 271565, upload-time = "2026-09-13T19:10:48.123Z" },
    { url = "https://files.pythonhosted.org/packages/df/5b/963c2993a82bd313f298d663afe03e164b96ace4d9d4c7561740a559e13d/coverage-7.16.1-cp314-cp314t-manylinux_2_31_riscv64.manylinux_2_39_riscv64.whl", hash = "sha256:756ba2d96d073c5a2a55d67fa22784763710fadbe22c41adde2d9cfa4dd78a8c", size = 264959, upload-time = "2026-09-13T19:10:50.195Z" },
    { url = "https://files.pythonhosted.org/packages/12/59/5eba06d1943735d7cd61d46d8c8a20ffe8ddd2da06b3c94366078dadeb9b/coverage-7.16.1-cp314-cp314t-musllinux_1_2_aarch64.whl", hash = "sha256:99bf9ea435cefcefd220f8687c3ddbbf78dc2de0bd11b57c3ae9fbbdf8d5561a", size = 267897, upload-time = "2026-09-13T19:10:52.252Z" },
    { url = "https://files.pythonhosted.org/packages/bd/48/af6c30f6ea431bb9b83f9070d268a9cc4fc97490abd32080164177ea999f/coverage-7.16.1-cp314-cp314t-musllinux_1_2_i686.whl", hash = "sha256:35cbc81f937fc402971df45c897d2df2bfb2014efcd990360032aa0a651635da", size = 265504, upload-time = "2026-09-13T19:10:54.432Z" },
    { url = "https://files.pythonhosted.org/packages/80/f2/6e13852a8656d05fa83284567dd5a5b1e6d89bef79fe3effca2787159eab/coverage-7.16.1-cp314-cp314t-musllinux_1_2_ppc64le.whl", hash = "sha256:8fae08e85b334ac6ac886002b5041396a31bcf805225bbe19847627203da99e2", size = 269235, upload-time = "2026-09-13T19:10:56.563Z" },
    { url = "https://files.pythonhosted.org/packages/c2/32/b4fe465daa64ece674f83a750dfa4ba0fa3c5c74d6ef5dbb8dfce892cf0d/coverage-7.16.1-cp314-cp314t-musllinux_1_2_riscv64.whl", hash = "sha256:83362b64e215ef00b0ba33fcf13655ace6c9fdd144d5ad2ab59ac86c2daf166e", size = 264347, upload-time = "2026-09-13T19:10:58.634Z" },
    { url = "https://files.pythonhosted.org/packages/54/f3/88b5c0e4ca3994c6d5feb7b1bf4c9a62cee205553159184968426930a7b1/coverage-7.16.1-cp314-cp314t-musllinux_1_2_x86_64.whl", hash = "sha256:33300f2e140ccf26af3d8152e62bff71993f9310cfc63ba7a20940b0d246a0ae", size = 266660, upload-time = "2026-09-13T19:11:00.746Z" },
    { url = "https://files.pythonhosted.org/packages/97/72/6eff5456d7ba7f1c4678af531c33f9d957cae3201bd229b056fd13a204a3/coverage-7.16.1-cp314-cp314t-win32.whl", hash = "sha256:5539304fdbb2cc144df684d35a33b81145334d23e1c2367b5a923d25107f70b2", size = 226026, upload-time = "2026-09-13T19:11:02.846Z" },
    { url = "https://files.pythonhosted.org/packages/8e/c8/6e5ae3d8d4d0f2c0078985bf4db55fafd90e8107b1bf91ee3547a13f5694/coverage-7.16.1-cp314-cp314t-win_amd64.whl", hash = "sha256:715dcb72c3280c428c3a20134b87e42c29acec9669136e899ab2de69ca86218d", size = 226862, upload-time = "2026-09-13T19:11:04.921Z" },
    { url = "https://files.pythonhosted.org/packages/be/c7/68f9f0734afc904a92b974b489545b6a15700f3b1c4bd36eae764561e661/coverage-7.16.1-cp314-cp314t-win_arm64.whl", hash = "sha256:dac8b84c03e6029d272b8249c77018db83de59ca009a9adef7c144b4a62ee5e6", size = 226171, upload-time = "2026-09-13T19:11:06.969Z" },
    { url = "https://files.pythonhosted.org/packages/96/1a/d6d16babd0a5fe4c3fae40702158c570351694e74516d8d81b86c5637448/coverage-7.16.1-py3-none-any.whl", hash = "sha256:3d8bd4e58b6a5c2018d808f297905393c6c61da466a48c3f0596a76a4900ebe4", size = 215264, upload-time = "2026-09-13T19:12:18.895Z" },
]

[[package]]
name = "iniconfig"
version = "2.3.0"
source = { registry = "https://pypi.org/simple" }
sdist = { url = "https://files.pythonhosted.org/packages/72/34/14ca021ce8e5dfedc35312d08ba8bf51fdd999c576889fc2c24cb97f4f10/iniconfig-2.3.0.tar.gz", hash = "sha256:c76315c77db068650d49c5b56314774a7804df16fee4402c1f19d6d15d8c4730", size = 20503, upload-time = "2025-10-18T21:55:43.219Z" }
wheels = [
    { url = "https://files.pythonhosted.org/packages/cb/b1/3846dd7f199d53cb17f49cba7e651e9ce294d8497c8c150530ed11865bb8/iniconfig-2.3.0-py3-none-any.whl", hash = "sha256:f631c04d2c48c52b84d0d0549c99ff3859c98df65b3101406327ecc7d53fbf12", size = 7484, upload-time = "2025-10-18T21:55:41.639Z" },
]

[[package]]
name = "nodeenv"
version = "1.10.0"
source = { registry = "https://pypi.org/simple" }
sdist = { url = "https://files.pythonhosted.org/packages/24/bf/d1bda4f6168e0b2e9e5958945e01910052158313224ada5ce1fb2e1113b8/nodeenv-1.10.0.tar.gz", hash = "sha256:996c191ad80897d076bdfba80a41994c2b47c68e224c542b48feba42ba00f8bb", size = 55611, upload-time = "2025-12-20T14:08:54.006Z" }
wheels = [
    { url = "https://files.pythonhosted.org/packages/88/b2/d0896bdcdc8d28a7fc5717c305f1a861c26e18c05047949fb371034d98bd/nodeenv-1.10.0-py2.py3-none-any.whl", hash = "sha256:5bb13e3eed2923615535339b3c620e76779af4cb4c6a90deccc9e36b274d3827", size = 23438, upload-time = "2025-12-20T14:08:52.782Z" },
]

[[package]]
name = "packaging"
version = "26.3"
source = { registry = "https://pypi.org/simple" }
sdist = { url = "https://files.pythonhosted.org/packages/7d/fa/3944b40b07da9ce895c0e6303a5ab7d53da063554f534556b134a54d6093/packaging-26.3.tar.gz", hash = "sha256:94edc256424af38762eb31306eed28beb9f0efc50a8837492c9d6fd6004aed79", size = 313412, upload-time = "2026-08-04T18:15:28.737Z" }
wheels = [
    { url = "https://files.pythonhosted.org/packages/63/34/ba1c580383c9eada3711951fef0795c80b829a078d72188184bcab9dd527/packaging-26.3-py3-none-any.whl", hash = "sha256:d7193f7c8e4e93f444fde0262bf90af30e16fa0ad0ad44cb553c87339b23cd1c", size = 129956, upload-time = "2026-08-04T18:15:27.159Z" },
]

[[package]]
name = "pluggy"
version = "1.6.0"
source = { registry = "https://pypi.org/simple" }
sdist = { url = "https://files.pythonhosted.org/packages/f9/e2/3e91f31a7d2b083fe6ef3fa267035b518369d9511ffab804f839851d2779/pluggy-1.6.0.tar.gz", hash = "sha256:7dcc130b76258d33b90f61b658791dede3486c3e6bfb003ee5c9bfb396dd22f3", size = 69412, upload-time = "2025-05-15T12:30:07.975Z" }
wheels = [
    { url = "https://files.pythonhosted.org/packages/54/20/4d324d65cc6d9205fabedc306948156824eb9f0ee1633355a8f7ec5c66bf/pluggy-1.6.0-py3-none-any.whl", hash = "sha256:e920276dd6813095e9377c0bc5566d94c932c33b27a3e3945d8389c374dd4746", size = 20538, upload-time = "2025-05-15T12:30:06.134Z" },
]

[[package]]
name = "pygments"
version = "2.21.0"
source = { registry = "https://pypi.org/simple" }
sdist = { url = "https://files.pythonhosted.org/packages/49/2e/ced460408999b33da6b31b0021b0f37d329e202d4169aeb164493778f25b/pygments-2.21.0.tar.gz", hash = "sha256:610ca751c9bc2492b38eb9a38a7fbc93edbbb2d7182edaf34e66ae493dee5c8c", size = 5005329, upload-time = "2026-08-17T08:02:48.824Z" }
wheels = [
    { url = "https://files.pythonhosted.org/packages/71/46/17f022dd3e953bf20a04a028a21ec746d942f8d2af30fa0f124fa0e6a684/pygments-2.21.0-py3-none-any.whl", hash = "sha256:2363c69b61c4a97c838da3b130dcd6468f4848992b21a82f2a63ec34377137d9", size = 1250147, upload-time = "2026-08-17T08:02:44.912Z" },
]

[[package]]
name = "pyright"
version = "1.1.414"
source = { registry = "https://pypi.org/simple" }
dependencies = [
    { name = "nodeenv" },
    { name = "typing-extensions" },
]
sdist = { url = "https://files.pythonhosted.org/packages/e1/1b/244c7b710031ada80f27e579ec20d28a2285dfc318fed0339866b1047f12/pyright-1.1.414.tar.gz", hash = "sha256:523c0a97c60da6333234955c277730c9cf4f5bd6d5399e7b7d2b0fc5d3599524", size = 4154638, upload-time = "2026-09-10T12:26:53.181Z" }
wheels = [
    { url = "https://files.pythonhosted.org/packages/d7/ba/18b6e682ead424ad24bcc134339ae5d1b931cd9ae260540592a058a91279/pyright-1.1.414-py3-none-any.whl", hash = "sha256:2a6b4b3298c9eec174c5ed83bd338de6eee82df2992f3e1930e6199d381be36f", size = 6225049, upload-time = "2026-09-10T12:26:51.427Z" },
]

[[package]]
name = "pytest"
version = "9.0.3"
source = { registry = "https://pypi.org/simple" }
dependencies = [
    { name = "colorama", marker = "sys_platform == 'win32'" },
    { name = "iniconfig" },
    { name = "packaging" },
    { name = "pluggy" },
    { name = "pygments" },
]
sdist = { url = "https://files.pythonhosted.org/packages/7d/0d/549bd94f1a0a402dc8cf64563a117c0f3765662e2e668477624baeec44d5/pytest-9.0.3.tar.gz", hash = "sha256:b86ada508af81d19edeb213c681b1d48246c1a91d304c6c81a427674c17eb91c", size = 1572165, upload-time = "2026-04-07T17:16:18.027Z" }
wheels = [
    { url = "https://files.pythonhosted.org/packages/d4/24/a372aaf5c9b7208e7112038812994107bc65a84cd00e0354a88c2c77a617/pytest-9.0.3-py3-none-any.whl", hash = "sha256:2c5efc453d45394fdd706ade797c0a81091eccd1d6e4bccfcd476e2b8e0ab5d9", size = 375249, upload-time = "2026-04-07T17:16:16.13Z" },
]

[[package]]
name = "pytest-cov"
version = "7.1.0"
source = { registry = "https://pypi.org/simple" }
dependencies = [
    { name = "coverage" },
    { name = "pluggy" },
    { name = "pytest" },
]
sdist = { url = "https://files.pythonhosted.org/packages/b1/51/a849f96e117386044471c8ec2bd6cfebacda285da9525c9106aeb28da671/pytest_cov-7.1.0.tar.gz", hash = "sha256:30674f2b5f6351aa09702a9c8c364f6a01c27aae0c1366ae8016160d1efc56b2", size = 55592, upload-time = "2026-03-21T20:11:16.284Z" }
wheels = [
    { url = "https://files.pythonhosted.org/packages/9d/7a/d968e294073affff457b041c2be9868a40c1c71f4a35fcc1e45e5493067b/pytest_cov-7.1.0-py3-none-any.whl", hash = "sha256:a0461110b7865f9a271aa1b51e516c9a95de9d696734a2f71e3e78f46e1d4678", size = 22876, upload-time = "2026-03-21T20:11:14.438Z" },
]

[[package]]
name = "pytest-watcher"
version = "0.6.3"
source = { registry = "https://pypi.org/simple" }
dependencies = [
    { name = "watchdog" },
]
sdist = { url = "https://files.pythonhosted.org/packages/e6/d2/80606077b7fa8784417687f494ff801d7ab817d9a17fc94305811d5919bb/pytest_watcher-0.6.3.tar.gz", hash = "sha256:842dc904264df0ad2d5264153a66bb452fccfa46598cd6e0a5ef1d19afed9b13", size = 601878, upload-time = "2026-01-10T23:28:18.805Z" }
wheels = [
    { url = "https://files.pythonhosted.org/packages/fc/3f/172d73600ad2771774cda108efb813fc724fc345e5240a81a1085f1ade5d/pytest_watcher-0.6.3-py3-none-any.whl", hash = "sha256:83e7748c933087e8276edb6078663e6afa9926434b4fd8b85cf6b32b1d5bec89", size = 12431, upload-time = "2026-01-10T23:28:17.64Z" },
]

[[package]]
name = "ruff"
version = "0.16.8"
source = { registry = "https://pypi.org/simple" }
sdist = { url = "https://files.pythonhosted.org/packages/ba/78/449cb84790bd5cc3823b2652ee405a4558856e5c4195aee3a16bf7b3eb5d/ruff-0.16.8.tar.gz", hash = "sha256:9247bf92b5f04d825c8639a4fe423ec2e4222acd9222e58412b0dab7e442798b", size = 4938814, upload-time = "2026-09-16T15:54:46.688Z" }
wheels = [
    { url = "https://files.pythonhosted.org/packages/ac/25/6071aabc530e9be7e2c195e8fe3f7aea2735405b6cf447212832d7811831/ruff-0.16.8-py3-none-linux_armv6l.whl", hash = "sha256:6ffbd6d87383c1edf5f6fa890f10200950240d7c1a16052a19a09d3a2307dd38", size = 10048966, upload-time = "2026-09-16T15:53:57.605Z" },
    { url = "https://files.pythonhosted.org/packages/54/98/07f90ecbc74dd5fb5764f11f2bc774d6a7cffef92d2ff5f5b4e9e23c754e/ruff-0.16.8-py3-none-macosx_10_12_x86_64.whl", hash = "sha256:42ed6b878ed61e3acca92f2730a17acff39286944ea82398544696366a6f925e", size = 10165498, upload-time = "2026-09-16T15:54:01.14Z" },
    { url = "https://files.pythonhosted.org/packages/fe/1f/e6a712e3b47cad4a40600134105ed193cb773f618a42eb7ba323cb812cc0/ruff-0.16.8-py3-none-macosx_11_0_arm64.whl", hash = "sha256:7ea781c7f2afba8c6a505ea0fb3f994020249e0c450635f5381286fea6b46170", size = 9830004, upload-time = "2026-09-16T15:54:03.998Z" },
    { url = "https://files.pythonhosted.org/packages/23/f2/311a08776d75d81c7676e20b6b020ae63cbe881fcdc7a8dd64e6e18bdd93/ruff-0.16.8-py3-none-manylinux_2_17_aarch64.manylinux2014_aarch64.whl", hash = "sha256:8efeae3bbe414a5efefda11a792dfb51ef90ac48d50c4830de2f644caf3e8659", size = 9986558, upload-time = "2026-09-16T15:54:06.804Z" },
    { url = "https://files.pythonhosted.org/packages/f3/ed/37b6cb3d3ba8c73e68ae3eb1d502383beb5aa05a582bb7bb3a922f929f54/ruff-0.16.8-py3-none-manylinux_2_17_armv7l.manylinux2014_armv7l.whl", hash = "sha256:3a79b795469fef7fc6e908b218eed2eb17332afd85031db6480dc864560e69b2", size = 9877332, upload-time = "2026-09-16T15:54:09.552Z" },
    { url = "https://files.pythonhosted.org/packages/22/cc/40873a8f36ad084cc540d55fcca7077264d5b13b24659e9180c176fb2b08/ruff-0.16.8-py3-none-manylinux_2_17_i686.manylinux2014_i686.whl", hash = "sha256:3fdc5563cdc50555e6fba39322850860e9267c1b3d12c26a74729d8604c3c812", size = 10507125, upload-time = "2026-09-16T15:54:12.152Z" },
    { url = "https://files.pythonhosted.org/packages/c3/e4/fc91a642b78ccbab6b9477720f3644ae7a10a9bcce69a934679cd64f62bc/ruff-0.16.8-py3-none-manylinux_2_17_ppc64le.manylinux2014_ppc64le.whl", hash = "sha256:34508983c70665578dab88f5223d8e6228307e1135398ca8bfc8b7e9501e282b", size = 11336694, upload-time = "2026-09-16T15:54:15.489Z" },
    { url = "https://files.pythonhosted.org/packages/c2/3d/bbd2a9a600a4e73dc3e7548a249c8d1671273464b55822c6fae50f602dff/ruff-0.16.8-py3-none-manylinux_2_17_s390x.manylinux2014_s390x.whl", hash = "sha256:644bb578569e0ffc575741232bd385dacdd6fbe123f1a729e7a225f54aa3957f", size = 10774448, upload-time = "2026-09-16T15:54:18.16Z" },
    { url = "https://files.pythonhosted.org/packages/1a/41/d83af9879a7b6e8bf5fe16b1da0b134049d2f5d3afac12defb0897cb84bd/ruff-0.16.8-py3-none-manylinux_2_17_x86_64.manylinux2014_x86_64.whl", hash = "sha256:15e7d226246961db9235098333caa13063906d3851136b84c2900b82f5daa1df", size = 10323796, upload-time = "2026-09-16T15:54:20.743Z" },
    { url = "https://files.pythonhosted.org/packages/f5/2c/cefd07bfe914b84943ea769ade8d607bd22750b965d3228eefd7cebd15d0/ruff-0.16.8-py3-none-manylinux_2_31_riscv64.whl", hash = "sha256:a2bf6bc3e9ebdd4449abc6f06cf64b98051a2c61cf94d2fe9596518c881f1a1e", size = 10514115, upload-time = "2026-09-16T15:54:23.497Z" },
    { url = "https://files.pythonhosted.org/packages/f3/9d/76a2e26c79a23be6e6e3664c57bec9e9fc8de155cfb9e4b67ea91b64f9d7/ruff-0.16.8-py3-none-musllinux_1_2_aarch64.whl", hash = "sha256:6ca111ba0849539165e9e59d2b442542f3c1e8060ebbdea82494f1ffbccb1e1f", size = 10072582, upload-time = "2026-09-16T15:54:26.185Z" },
    { url = "https://files.pythonhosted.org/packages/2e/d4/f42edddb39668af1a559ceafa3823aedd65633a48dc9768e775485faa2c1/ruff-0.16.8-py3-none-musllinux_1_2_armv7l.whl", hash = "sha256:359a1e5b495448ee1e91018064382ebc86f90e8aac2fed222c7d0e4e8df85fd2", size = 9879644, upload-time = "2026-09-16T15:54:29.278Z" },
    { url = "https://files.pythonhosted.org/packages/f8/d4/913e3195d95e0378786c6656945c865f534a3560e29139da4882aff630d1/ruff-0.16.8-py3-none-musllinux_1_2_i686.whl", hash = "sha256:59e8f5681349474110b24d62e93cfda6593f5fa3473446ca3705200cac1a08b9", size = 10231569, upload-time = "2026-09-16T15:54:32.036Z" },
    { url = "https://files.pythonhosted.org/packages/2b/c4/8aa6ea0bdcedbd1bf87397e2fc4ed8406448ea5842f8660bc6e5f163039d/ruff-0.16.8-py3-none-musllinux_1_2_x86_64.whl", hash = "sha256:efa3e7a16d1baaa79957888dfdf8be9ef2e44db81cb032af06d76632ab59e773", size = 10663666, upload-time = "2026-09-16T15:54:34.838Z" },
    { url = "https://files.pythonhosted.org/packages/3d/02/7f10ef4700bc223c30a3fdd10631a29830c45524b810a3c7ed947af64591/ruff-0.16.8-py3-none-win32.whl", hash = "sha256:55793ba85c69921e89be061426d91a78652d6e50317c962240922747a4eb713f", size = 10093472, upload-time = "2026-09-16T15:54:37.47Z" },
    { url = "https://files.pythonhosted.org/packages/1e/5d/a509c07d714b6da88f2c518b4637cf6f1d46b074be8f0f1e5fb9ff5126fe/ruff-0.16.8-py3-none-win_amd64.whl", hash = "sha256:a6b85621fd3c81e31fc5f5add09c9c078b430db3595ca632efafdec9e64ebfaa", size = 10586899, upload-time = "2026-09-16T15:54:40.488Z" },
    { url = "https://files.pythonhosted.org/packages/fe/a0/50787329e4f20bf9dc9f6230015d46ec69c51a97ace5bc202dae4755365d/ruff-0.16.8-py3-none-win_arm64.whl", hash = "sha256:d075e820af612102ce217f07cc93e69f9490b10ec13ea85fa87bd03d996cef8a", size = 10386316, upload-time = "2026-09-16T15:54:43.332Z" },
]

[[package]]
name = "typing-extensions"
version = "4.16.0"
source = { registry = "https://pypi.org/simple" }
sdist = { url = "https://files.pythonhosted.org/packages/f6/cc/6253133b5bb138fc3306cebfbda2c520f545d36b5be2c7255cc528bb45d6/typing_extensions-4.16.0.tar.gz", hash = "sha256:dc983d19a509c94dba722ee6abd33940f7c05a89e243c47e907eb4db6f1a43e5", size = 113555, upload-time = "2026-07-02T08:40:05.92Z" }
wheels = [
    { url = "https://files.pythonhosted.org/packages/49/d3/b8441a820a491ddfc024b0b0cf0393375b75ea13866d9c66727e54c2fc80/typing_extensions-4.16.0-py3-none-any.whl", hash = "sha256:481caa481374e813c1b176ada14e97f1f67a4539ce9cfeb3f350d78d6370c2e8", size = 45571, upload-time = "2026-07-02T08:40:04.659Z" },
]

[[package]]
name = "watchdog"
version = "6.0.0"
source = { registry = "https://pypi.org/simple" }
sdist = { url = "https://files.pythonhosted.org/packages/db/7d/7f3d619e951c88ed75c6037b246ddcf2d322812ee8ea189be89511721d54/watchdog-6.0.0.tar.gz", hash = "sha256:9ddf7c82fda3ae8e24decda1338ede66e1c99883db93711d8fb941eaa2d8c282", size = 131220, upload-time = "2024-11-01T14:07:13.037Z" }
wheels = [
    { url = "https://files.pythonhosted.org/packages/a9/c7/ca4bf3e518cb57a686b2feb4f55a1892fd9a3dd13f470fca14e00f80ea36/watchdog-6.0.0-py3-none-manylinux2014_aarch64.whl", hash = "sha256:7607498efa04a3542ae3e05e64da8202e58159aa1fa4acddf7678d34a35d4f13", size = 79079, upload-time = "2024-11-01T14:06:59.472Z" },
    { url = "https://files.pythonhosted.org/packages/5c/51/d46dc9332f9a647593c947b4b88e2381c8dfc0942d15b8edc0310fa4abb1/watchdog-6.0.0-py3-none-manylinux2014_armv7l.whl", hash = "sha256:9041567ee8953024c83343288ccc458fd0a2d811d6a0fd68c4c22609e3490379", size = 79078, upload-time = "2024-11-01T14:07:01.431Z" },
    { url = "https://files.pythonhosted.org/packages/d4/57/04edbf5e169cd318d5f07b4766fee38e825d64b6913ca157ca32d1a42267/watchdog-6.0.0-py3-none-manylinux2014_i686.whl", hash = "sha256:82dc3e3143c7e38ec49d61af98d6558288c415eac98486a5c581726e0737c00e", size = 79076, upload-time = "2024-11-01T14:07:02.568Z" },
    { url = "https://files.pythonhosted.org/packages/ab/cc/da8422b300e13cb187d2203f20b9253e91058aaf7db65b74142013478e66/watchdog-6.0.0-py3-none-manylinux2014_ppc64.whl", hash = "sha256:212ac9b8bf1161dc91bd09c048048a95ca3a4c4f5e5d4a7d1b1a7d5752a7f96f", size = 79077, upload-time = "2024-11-01T14:07:03.893Z" },
    { url = "https://files.pythonhosted.org/packages/2c/3b/b8964e04ae1a025c44ba8e4291f86e97fac443bca31de8bd98d3263d2fcf/watchdog-6.0.0-py3-none-manylinux2014_ppc64le.whl", hash = "sha256:e3df4cbb9a450c6d49318f6d14f4bbc80d763fa587ba46ec86f99f9e6876bb26", size = 79078, upload-time = "2024-11-01T14:07:05.189Z" },
    { url = "https://files.pythonhosted.org/packages/62/ae/a696eb424bedff7407801c257d4b1afda455fe40821a2be430e173660e81/watchdog-6.0.0-py3-none-manylinux2014_s390x.whl", hash = "sha256:2cce7cfc2008eb51feb6aab51251fd79b85d9894e98ba847408f662b3395ca3c", size = 79077, upload-time = "2024-11-01T14:07:06.376Z" },
    { url = "https://files.pythonhosted.org/packages/b5/e8/dbf020b4d98251a9860752a094d09a65e1b436ad181faf929983f697048f/watchdog-6.0.0-py3-none-manylinux2014_x86_64.whl", hash = "sha256:20ffe5b202af80ab4266dcd3e91aae72bf2da48c0d33bdb15c66658e685e94e2", size = 79078, upload-time = "2024-11-01T14:07:07.547Z" },
    { url = "https://files.pythonhosted.org/packages/07/f6/d0e5b343768e8bcb4cda79f0f2f55051bf26177ecd5651f84c07567461cf/watchdog-6.0.0-py3-none-win32.whl", hash = "sha256:07df1fdd701c5d4c8e55ef6cf55b8f0120fe1aef7ef39a1c6fc6bc2e606d517a", size = 79065, upload-time = "2024-11-01T14:07:09.525Z" },
    { url = "https://files.pythonhosted.org/packages/db/d9/c495884c6e548fce18a8f40568ff120bc3a4b7b99813081c8ac0c936fa64/watchdog-6.0.0-py3-none-win_amd64.whl", hash = "sha256:cbafb470cf848d93b5d013e2ecb245d4aa1c8fd0504e863ccefa32445359d680", size = 79070, upload-time = "2024-11-01T14:07:10.686Z" },
    { url = "https://files.pythonhosted.org/packages/33/e8/e40370e6d74ddba47f002a32919d91310d6074130fe4e17dabcafc15cbf1/watchdog-6.0.0-py3-none-win_ia64.whl", hash = "sha256:a1914259fa9e1454315171103c6a30961236f508b9b623eae470268bbcc6a22f", size = 79067, upload-time = "2024-11-01T14:07:11.845Z" },
]
